
Microsoft Visual Studio Solution File, Format Version 12.00
# Visual Studio Version 17
VisualStudioVersion = 17.0.31912.275
MinimumVisualStudioVersion = 10.0.40219.1
Project("{9A19103F-16F7-4668-BE54-9A1E7A4F7556}") = "csso.NodeRunner", "csso.NodeRunner\csso.NodeRunner.csproj", "{AA6FDDCF-6733-4689-A222-7DE567146A52}"
EndProject
Project("{9A19103F-16F7-4668-BE54-9A1E7A4F7556}") = "csso.Common", "csso.Common\csso.Common.csproj", "{9A1241DF-60B5-455B-B450-553E10067554}"
EndProject
Project("{FAE04EC0-301F-11D3-BF4B-00C04F79EFBC}") = "csso.ImageProcessing", "csso.ImageProcessing\csso.ImageProcessing.csproj", "{E75924EE-570E-4144-8EA0-AF5FE6603ABB}"
EndProject
Project("{FAE04EC0-301F-11D3-BF4B-00C04F79EFBC}") = "csso.OpenCL", "csso.OpenCL\csso.OpenCL.csproj", "{C30D64F3-96C2-432C-BAC7-2C7F3338EE93}"
EndProject
Project("{FAE04EC0-301F-11D3-BF4B-00C04F79EFBC}") = "csso.NodeCore.Tests", "csso.NodeCore.Tests\csso.NodeCore.Tests.csproj", "{475EA69C-A5FB-4E71-856E-DC21A260111D}"
EndProject
Project("{FAE04EC0-301F-11D3-BF4B-00C04F79EFBC}") = "csso.NodeCore", "csso.NodeCore\csso.NodeCore.csproj", "{36C6A705-514B-498E-BB1E-340CF3F0F4EE}"
EndProject
Project("{FAE04EC0-301F-11D3-BF4B-00C04F79EFBC}") = "csso.WpfNode.Tests", "csso.WpfNode.Tests\csso.WpfNode.Tests.csproj", "{425191D3-C9EF-4837-930B-CBD98AA0ED73}"
EndProject
Project("{FAE04EC0-301F-11D3-BF4B-00C04F79EFBC}") = "csso.WpfCommon", "csso.WpfCommon\csso.WpfCommon.csproj", "{899A18E4-6CED-45F3-AB30-274EF895E5EA}"
EndProject
Project("{FAE04EC0-301F-11D3-BF4B-00C04F79EFBC}") = "csso.NodeRunner.Shared", "csso.NodeRunner.Shared\csso.NodeRunner.Shared.csproj", "{C8A9B1A3-9709-4786-B51E-6363F895DF5E}"
EndProject
Project("{FAE04EC0-301F-11D3-BF4B-00C04F79EFBC}") = "csso.ImageProcessing.Tests", "csso.ImageProcessing.Tests\csso.ImageProcessing.Tests.csproj", "{67FFB8FD-30B8-4C93-8856-3A4111AF6129}"
EndProject
Project("{FAE04EC0-301F-11D3-BF4B-00C04F79EFBC}") = "csso.OpenCL.Tests", "csso.OpenCL.Tests\csso.OpenCL.Tests.csproj", "{F76166B4-4526-4A55-8A1B-6B609C0151B5}"
EndProject
Global
	GlobalSection(SolutionConfigurationPlatforms) = preSolution
		Debug|Any CPU = Debug|Any CPU
		Release|Any CPU = Release|Any CPU
	EndGlobalSection
	GlobalSection(ProjectConfigurationPlatforms) = postSolution
		{AA6FDDCF-6733-4689-A222-7DE567146A52}.Debug|Any CPU.ActiveCfg = Debug|Any CPU
		{AA6FDDCF-6733-4689-A222-7DE567146A52}.Debug|Any CPU.Build.0 = Debug|Any CPU
		{AA6FDDCF-6733-4689-A222-7DE567146A52}.Release|Any CPU.ActiveCfg = Release|Any CPU
		{AA6FDDCF-6733-4689-A222-7DE567146A52}.Release|Any CPU.Build.0 = Release|Any CPU
		{9A1241DF-60B5-455B-B450-553E10067554}.Debug|Any CPU.ActiveCfg = Debug|Any CPU
		{9A1241DF-60B5-455B-B450-553E10067554}.Debug|Any CPU.Build.0 = Debug|Any CPU
		{9A1241DF-60B5-455B-B450-553E10067554}.Release|Any CPU.ActiveCfg = Release|Any CPU
		{9A1241DF-60B5-455B-B450-553E10067554}.Release|Any CPU.Build.0 = Release|Any CPU
		{E75924EE-570E-4144-8EA0-AF5FE6603ABB}.Debug|Any CPU.ActiveCfg = Debug|Any CPU
		{E75924EE-570E-4144-8EA0-AF5FE6603ABB}.Debug|Any CPU.Build.0 = Debug|Any CPU
		{E75924EE-570E-4144-8EA0-AF5FE6603ABB}.Release|Any CPU.ActiveCfg = Release|Any CPU
		{E75924EE-570E-4144-8EA0-AF5FE6603ABB}.Release|Any CPU.Build.0 = Release|Any CPU
		{C30D64F3-96C2-432C-BAC7-2C7F3338EE93}.Debug|Any CPU.ActiveCfg = Debug|Any CPU
		{C30D64F3-96C2-432C-BAC7-2C7F3338EE93}.Debug|Any CPU.Build.0 = Debug|Any CPU
		{C30D64F3-96C2-432C-BAC7-2C7F3338EE93}.Release|Any CPU.ActiveCfg = Release|Any CPU
		{C30D64F3-96C2-432C-BAC7-2C7F3338EE93}.Release|Any CPU.Build.0 = Release|Any CPU
		{475EA69C-A5FB-4E71-856E-DC21A260111D}.Debug|Any CPU.ActiveCfg = Debug|Any CPU
		{475EA69C-A5FB-4E71-856E-DC21A260111D}.Debug|Any CPU.Build.0 = Debug|Any CPU
		{475EA69C-A5FB-4E71-856E-DC21A260111D}.Release|Any CPU.ActiveCfg = Release|Any CPU
		{475EA69C-A5FB-4E71-856E-DC21A260111D}.Release|Any CPU.Build.0 = Release|Any CPU
		{36C6A705-514B-498E-BB1E-340CF3F0F4EE}.Debug|Any CPU.ActiveCfg = Debug|Any CPU
		{36C6A705-514B-498E-BB1E-340CF3F0F4EE}.Debug|Any CPU.Build.0 = Debug|Any CPU
		{36C6A705-514B-498E-BB1E-340CF3F0F4EE}.Release|Any CPU.ActiveCfg = Release|Any CPU
		{36C6A705-514B-498E-BB1E-340CF3F0F4EE}.Release|Any CPU.Build.0 = Release|Any CPU
		{425191D3-C9EF-4837-930B-CBD98AA0ED73}.Debug|Any CPU.ActiveCfg = Debug|Any CPU
		{425191D3-C9EF-4837-930B-CBD98AA0ED73}.Debug|Any CPU.Build.0 = Debug|Any CPU
		{425191D3-C9EF-4837-930B-CBD98AA0ED73}.Release|Any CPU.ActiveCfg = Release|Any CPU
		{425191D3-C9EF-4837-930B-CBD98AA0ED73}.Release|Any CPU.Build.0 = Release|Any CPU
		{899A18E4-6CED-45F3-AB30-274EF895E5EA}.Debug|Any CPU.ActiveCfg = Debug|Any CPU
		{899A18E4-6CED-45F3-AB30-274EF895E5EA}.Debug|Any CPU.Build.0 = Debug|Any CPU
		{899A18E4-6CED-45F3-AB30-274EF895E5EA}.Release|Any CPU.ActiveCfg = Release|Any CPU
		{899A18E4-6CED-45F3-AB30-274EF895E5EA}.Release|Any CPU.Build.0 = Release|Any CPU
		{C8A9B1A3-9709-4786-B51E-6363F895DF5E}.Debug|Any CPU.ActiveCfg = Debug|Any CPU
		{C8A9B1A3-9709-4786-B51E-6363F895DF5E}.Debug|Any CPU.Build.0 = Debug|Any CPU
		{C8A9B1A3-9709-4786-B51E-6363F895DF5E}.Release|Any CPU.ActiveCfg = Release|Any CPU
		{C8A9B1A3-9709-4786-B51E-6363F895DF5E}.Release|Any CPU.Build.0 = Release|Any CPU
		{67FFB8FD-30B8-4C93-8856-3A4111AF6129}.Debug|Any CPU.ActiveCfg = Debug|Any CPU
		{67FFB8FD-30B8-4C93-8856-3A4111AF6129}.Debug|Any CPU.Build.0 = Debug|Any CPU
		{67FFB8FD-30B8-4C93-8856-3A4111AF6129}.Release|Any CPU.ActiveCfg = Release|Any CPU
		{67FFB8FD-30B8-4C93-8856-3A4111AF6129}.Release|Any CPU.Build.0 = Release|Any CPU
		{F76166B4-4526-4A55-8A1B-6B609C0151B5}.Debug|Any CPU.ActiveCfg = Debug|Any CPU
		{F76166B4-4526-4A55-8A1B-6B609C0151B5}.Debug|Any CPU.Build.0 = Debug|Any CPU
		{F76166B4-4526-4A55-8A1B-6B609C0151B5}.Release|Any CPU.ActiveCfg = Release|Any CPU
		{F76166B4-4526-4A55-8A1B-6B609C0151B5}.Release|Any CPU.Build.0 = Release|Any CPU
	EndGlobalSection
	GlobalSection(SolutionProperties) = preSolution
		HideSolutionNode = FALSE
	EndGlobalSection
	GlobalSection(ExtensibilityGlobals) = postSolution
		SolutionGuid = {347A3954-3B16-4F27-96A6-D034C06C8551}
	EndGlobalSection
EndGlobal
