
Microsoft Visual Studio Solution File, Format Version 12.00
# Visual Studio Version 17
VisualStudioVersion = 17.0.31912.275
MinimumVisualStudioVersion = 10.0.40219.1
Project("{9A19103F-16F7-4668-BE54-9A1E7A4F7556}") = "csso.NodeRunner", "csso.NodeRunner\csso.NodeRunner.csproj", "{AA6FDDCF-6733-4689-A222-7DE567146A52}"
EndProject
Project("{9A19103F-16F7-4668-BE54-9A1E7A4F7556}") = "csso.Common", "csso.Common\csso.Common.csproj", "{9A1241DF-60B5-455B-B450-553E10067554}"
EndProject
Project("{FAE04EC0-301F-11D3-BF4B-00C04F79EFBC}") = "csso.WpfNode", "csso.WpfNode\csso.WpfNode.csproj", "{EDC4AC48-9F32-43C0-9482-87550BD32480}"
EndProject
Project("{FAE04EC0-301F-11D3-BF4B-00C04F79EFBC}") = "csso.ImageProcessing", "csso.ImageProcessing\csso.ImageProcessing.csproj", "{E75924EE-570E-4144-8EA0-AF5FE6603ABB}"
EndProject
Project("{FAE04EC0-301F-11D3-BF4B-00C04F79EFBC}") = "csso.OpenCL", "csso.OpenCL\csso.OpenCL.csproj", "{C30D64F3-96C2-432C-BAC7-2C7F3338EE93}"
EndProject
Project("{FAE04EC0-301F-11D3-BF4B-00C04F79EFBC}") = "csso.Calculator", "csso.Calculator\csso.Calculator.csproj", "{31F24B41-980A-41E9-A858-F03CBC8CC1DF}"
EndProject
Project("{FAE04EC0-301F-11D3-BF4B-00C04F79EFBC}") = "csso.Calculator.Tests", "csso.Calculator.Tests\csso.Calculator.Tests.csproj", "{475EA69C-A5FB-4E71-856E-DC21A260111D}"
EndProject
Project("{FAE04EC0-301F-11D3-BF4B-00C04F79EFBC}") = "csso.NodeCore", "csso.NodeCore\csso.NodeCore.csproj", "{36C6A705-514B-498E-BB1E-340CF3F0F4EE}"
EndProject
Global
	GlobalSection(SolutionConfigurationPlatforms) = preSolution
		Debug|Any CPU = Debug|Any CPU
		Release|Any CPU = Release|Any CPU
	EndGlobalSection
	GlobalSection(ProjectConfigurationPlatforms) = postSolution
		{AA6FDDCF-6733-4689-A222-7DE567146A52}.Debug|Any CPU.ActiveCfg = Debug|Any CPU
		{AA6FDDCF-6733-4689-A222-7DE567146A52}.Debug|Any CPU.Build.0 = Debug|Any CPU
		{AA6FDDCF-6733-4689-A222-7DE567146A52}.Release|Any CPU.ActiveCfg = Release|Any CPU
		{AA6FDDCF-6733-4689-A222-7DE567146A52}.Release|Any CPU.Build.0 = Release|Any CPU
		{9A1241DF-60B5-455B-B450-553E10067554}.Debug|Any CPU.ActiveCfg = Debug|Any CPU
		{9A1241DF-60B5-455B-B450-553E10067554}.Debug|Any CPU.Build.0 = Debug|Any CPU
		{9A1241DF-60B5-455B-B450-553E10067554}.Release|Any CPU.ActiveCfg = Release|Any CPU
		{9A1241DF-60B5-455B-B450-553E10067554}.Release|Any CPU.Build.0 = Release|Any CPU
		{EDC4AC48-9F32-43C0-9482-87550BD32480}.Debug|Any CPU.ActiveCfg = Debug|Any CPU
		{EDC4AC48-9F32-43C0-9482-87550BD32480}.Debug|Any CPU.Build.0 = Debug|Any CPU
		{EDC4AC48-9F32-43C0-9482-87550BD32480}.Release|Any CPU.ActiveCfg = Release|Any CPU
		{EDC4AC48-9F32-43C0-9482-87550BD32480}.Release|Any CPU.Build.0 = Release|Any CPU
		{E75924EE-570E-4144-8EA0-AF5FE6603ABB}.Debug|Any CPU.ActiveCfg = Debug|Any CPU
		{E75924EE-570E-4144-8EA0-AF5FE6603ABB}.Debug|Any CPU.Build.0 = Debug|Any CPU
		{E75924EE-570E-4144-8EA0-AF5FE6603ABB}.Release|Any CPU.ActiveCfg = Release|Any CPU
		{E75924EE-570E-4144-8EA0-AF5FE6603ABB}.Release|Any CPU.Build.0 = Release|Any CPU
		{C30D64F3-96C2-432C-BAC7-2C7F3338EE93}.Debug|Any CPU.ActiveCfg = Debug|Any CPU
		{C30D64F3-96C2-432C-BAC7-2C7F3338EE93}.Debug|Any CPU.Build.0 = Debug|Any CPU
		{C30D64F3-96C2-432C-BAC7-2C7F3338EE93}.Release|Any CPU.ActiveCfg = Release|Any CPU
		{C30D64F3-96C2-432C-BAC7-2C7F3338EE93}.Release|Any CPU.Build.0 = Release|Any CPU
		{31F24B41-980A-41E9-A858-F03CBC8CC1DF}.Debug|Any CPU.ActiveCfg = Debug|Any CPU
		{31F24B41-980A-41E9-A858-F03CBC8CC1DF}.Debug|Any CPU.Build.0 = Debug|Any CPU
		{31F24B41-980A-41E9-A858-F03CBC8CC1DF}.Release|Any CPU.ActiveCfg = Release|Any CPU
		{31F24B41-980A-41E9-A858-F03CBC8CC1DF}.Release|Any CPU.Build.0 = Release|Any CPU
		{475EA69C-A5FB-4E71-856E-DC21A260111D}.Debug|Any CPU.ActiveCfg = Debug|Any CPU
		{475EA69C-A5FB-4E71-856E-DC21A260111D}.Debug|Any CPU.Build.0 = Debug|Any CPU
		{475EA69C-A5FB-4E71-856E-DC21A260111D}.Release|Any CPU.ActiveCfg = Release|Any CPU
		{475EA69C-A5FB-4E71-856E-DC21A260111D}.Release|Any CPU.Build.0 = Release|Any CPU
		{36C6A705-514B-498E-BB1E-340CF3F0F4EE}.Debug|Any CPU.ActiveCfg = Debug|Any CPU
		{36C6A705-514B-498E-BB1E-340CF3F0F4EE}.Debug|Any CPU.Build.0 = Debug|Any CPU
		{36C6A705-514B-498E-BB1E-340CF3F0F4EE}.Release|Any CPU.ActiveCfg = Release|Any CPU
		{36C6A705-514B-498E-BB1E-340CF3F0F4EE}.Release|Any CPU.Build.0 = Release|Any CPU
	EndGlobalSection
	GlobalSection(SolutionProperties) = preSolution
		HideSolutionNode = FALSE
	EndGlobalSection
	GlobalSection(ExtensibilityGlobals) = postSolution
		SolutionGuid = {347A3954-3B16-4F27-96A6-D034C06C8551}
	EndGlobalSection
EndGlobal
